
Microsoft Visual Studio Solution File, Format Version 12.00
# Visual Studio 15
VisualStudioVersion = 15.0.28307.489
MinimumVisualStudioVersion = 10.0.40219.1
Project("{FAE04EC0-301F-11D3-BF4B-00C04F79EFBC}") = "DentalClinicReservationAndManagementSystem", "DentalClinicReservationAndManagementSystem\DentalClinicReservationAndManagementSystem.csproj", "{43BA14CE-D96E-4573-B430-BA62E4F7D6C8}"
EndProject
Global
	GlobalSection(SolutionConfigurationPlatforms) = preSolution
		Debug|Any CPU = Debug|Any CPU
		Release|Any CPU = Release|Any CPU
	EndGlobalSection
	GlobalSection(ProjectConfigurationPlatforms) = postSolution
		{43BA14CE-D96E-4573-B430-BA62E4F7D6C8}.Debug|Any CPU.ActiveCfg = Debug|Any CPU
		{43BA14CE-D96E-4573-B430-BA62E4F7D6C8}.Debug|Any CPU.Build.0 = Debug|Any CPU
		{43BA14CE-D96E-4573-B430-BA62E4F7D6C8}.Release|Any CPU.ActiveCfg = Release|Any CPU
		{43BA14CE-D96E-4573-B430-BA62E4F7D6C8}.Release|Any CPU.Build.0 = Release|Any CPU
	EndGlobalSection
	GlobalSection(SolutionProperties) = preSolution
		HideSolutionNode = FALSE
	EndGlobalSection
	GlobalSection(ExtensibilityGlobals) = postSolution
		SolutionGuid = {618D3AC6-5BE6-4411-9A80-8F6E95EE7BAA}
	EndGlobalSection
EndGlobal
